
Microsoft Visual Studio Solution File, Format Version 12.00
# Visual Studio Version 17
VisualStudioVersion = 17.5.33530.505
MinimumVisualStudioVersion = 10.0.40219.1
Project("{FAE04EC0-301F-11D3-BF4B-00C04F79EFBC}") = "HackStack - Gemini", "HackStack - Gemini.csproj", "{FA30CE15-74F1-421F-9D9B-A4D96B301341}"
EndProject
Global
	GlobalSection(SolutionConfigurationPlatforms) = preSolution
		Debug|Any CPU = Debug|Any CPU
		Release|Any CPU = Release|Any CPU
	EndGlobalSection
	GlobalSection(ProjectConfigurationPlatforms) = postSolution
		{FA30CE15-74F1-421F-9D9B-A4D96B301341}.Debug|Any CPU.ActiveCfg = Debug|Any CPU
		{FA30CE15-74F1-421F-9D9B-A4D96B301341}.Debug|Any CPU.Build.0 = Debug|Any CPU
		{FA30CE15-74F1-421F-9D9B-A4D96B301341}.Release|Any CPU.ActiveCfg = Release|Any CPU
		{FA30CE15-74F1-421F-9D9B-A4D96B301341}.Release|Any CPU.Build.0 = Release|Any CPU
	EndGlobalSection
	GlobalSection(SolutionProperties) = preSolution
		HideSolutionNode = FALSE
	EndGlobalSection
	GlobalSection(ExtensibilityGlobals) = postSolution
		SolutionGuid = {AD8F7C83-B112-4787-B672-4FB5214F08C7}
	EndGlobalSection
EndGlobal
